
Microsoft Visual Studio Solution File, Format Version 12.00
# Visual Studio Version 16
VisualStudioVersion = 16.0.30114.105
MinimumVisualStudioVersion = 10.0.40219.1
Project("{9A19103F-16F7-4668-BE54-9A1E7A4F7556}") = "loan-api", "app\loan-api.csproj", "{CAEA3EE2-0015-4529-BA69-9F1AF0F80DC0}"
EndProject
Global
	GlobalSection(SolutionConfigurationPlatforms) = preSolution
		Debug|Any CPU = Debug|Any CPU
		Release|Any CPU = Release|Any CPU
	EndGlobalSection
	GlobalSection(ProjectConfigurationPlatforms) = postSolution
		{CAEA3EE2-0015-4529-BA69-9F1AF0F80DC0}.Debug|Any CPU.ActiveCfg = Debug|Any CPU
		{CAEA3EE2-0015-4529-BA69-9F1AF0F80DC0}.Debug|Any CPU.Build.0 = Debug|Any CPU
		{CAEA3EE2-0015-4529-BA69-9F1AF0F80DC0}.Release|Any CPU.ActiveCfg = Release|Any CPU
		{CAEA3EE2-0015-4529-BA69-9F1AF0F80DC0}.Release|Any CPU.Build.0 = Release|Any CPU
	EndGlobalSection
	GlobalSection(SolutionProperties) = preSolution
		HideSolutionNode = FALSE
	EndGlobalSection
	GlobalSection(ExtensibilityGlobals) = postSolution
		SolutionGuid = {C098ED37-B5C2-4B32-8D29-3070E99B6C6A}
	EndGlobalSection
EndGlobal
